// !$*UTF8*$!
{
	archiveVersion = 1;
	classes = {
	};
	objectVersion = 51;
	objects = {

/* Begin PBXBuildFile section */
		35C794EDBB825FCA1129CEED /* Pods_BookDetection.framework in Frameworks */ = {isa = PBXBuildFile; fileRef = B00DFBEB891C69340FC139FF /* Pods_BookDetection.framework */; };
		E91E90C6267D65810066B639 /* GoogleService-Info.plist in Resources */ = {isa = PBXBuildFile; fileRef = E91E90C5267D65810066B639 /* GoogleService-Info.plist */; };
		E99F641D26595CBE00FBF0D4 /* AppDelegate.swift in Sources */ = {isa = PBXBuildFile; fileRef = E99F641C26595CBE00FBF0D4 /* AppDelegate.swift */; };
		E99F641F26595CBE00FBF0D4 /* SceneDelegate.swift in Sources */ = {isa = PBXBuildFile; fileRef = E99F641E26595CBE00FBF0D4 /* SceneDelegate.swift */; };
		E99F642126595CBE00FBF0D4 /* ARViewController.swift in Sources */ = {isa = PBXBuildFile; fileRef = E99F642026595CBE00FBF0D4 /* ARViewController.swift */; };
		E99F642426595CBE00FBF0D4 /* Main.storyboard in Resources */ = {isa = PBXBuildFile; fileRef = E99F642226595CBE00FBF0D4 /* Main.storyboard */; };
		E99F642626595CBE00FBF0D4 /* Assets.xcassets in Resources */ = {isa = PBXBuildFile; fileRef = E99F642526595CBE00FBF0D4 /* Assets.xcassets */; };
		E99F642926595CBE00FBF0D4 /* LaunchScreen.storyboard in Resources */ = {isa = PBXBuildFile; fileRef = E99F642726595CBE00FBF0D4 /* LaunchScreen.storyboard */; };
/* End PBXBuildFile section */

/* Begin PBXFileReference section */
		8E06ED845154B49D37346990 /* Pods-BookDetection.release.xcconfig */ = {isa = PBXFileReference; includeInIndex = 1; lastKnownFileType = text.xcconfig; name = "Pods-BookDetection.release.xcconfig"; path = "Target Support Files/Pods-BookDetection/Pods-BookDetection.release.xcconfig"; sourceTree = "<group>"; };
		B00DFBEB891C69340FC139FF /* Pods_BookDetection.framework */ = {isa = PBXFileReference; explicitFileType = wrapper.framework; includeInIndex = 0; path = Pods_BookDetection.framework; sourceTree = BUILT_PRODUCTS_DIR; };
		E52C606B591A966E13FDFDDD /* Pods-BookDetection.debug.xcconfig */ = {isa = PBXFileReference; includeInIndex = 1; lastKnownFileType = text.xcconfig; name = "Pods-BookDetection.debug.xcconfig"; path = "Target Support Files/Pods-BookDetection/Pods-BookDetection.debug.xcconfig"; sourceTree = "<group>"; };
		E91E90C5267D65810066B639 /* GoogleService-Info.plist */ = {isa = PBXFileReference; fileEncoding = 4; lastKnownFileType = text.plist.xml; path = "GoogleService-Info.plist"; sourceTree = "<group>"; };
		E98ECBBA265E22EB00E10B11 /* Accelerate.framework */ = {isa = PBXFileReference; lastKnownFileType = wrapper.framework; name = Accelerate.framework; path = System/Library/Frameworks/Accelerate.framework; sourceTree = SDKROOT; };
		E99F641926595CBE00FBF0D4 /* BookDetection.app */ = {isa = PBXFileReference; explicitFileType = wrapper.application; includeInIndex = 0; path = BookDetection.app; sourceTree = BUILT_PRODUCTS_DIR; };
		E99F641C26595CBE00FBF0D4 /* AppDelegate.swift */ = {isa = PBXFileReference; lastKnownFileType = sourcecode.swift; path = AppDelegate.swift; sourceTree = "<group>"; };
		E99F641E26595CBE00FBF0D4 /* SceneDelegate.swift */ = {isa = PBXFileReference; lastKnownFileType = sourcecode.swift; path = SceneDelegate.swift; sourceTree = "<group>"; };
		E99F642026595CBE00FBF0D4 /* ARViewController.swift */ = {isa = PBXFileReference; lastKnownFileType = sourcecode.swift; path = ARViewController.swift; sourceTree = "<group>"; };
		E99F642326595CBE00FBF0D4 /* Base */ = {isa = PBXFileReference; lastKnownFileType = file.storyboard; name = Base; path = Base.lproj/Main.storyboard; sourceTree = "<group>"; };
		E99F642526595CBE00FBF0D4 /* Assets.xcassets */ = {isa = PBXFileReference; lastKnownFileType = folder.assetcatalog; path = Assets.xcassets; sourceTree = "<group>"; };
		E99F642826595CBE00FBF0D4 /* Base */ = {isa = PBXFileReference; lastKnownFileType = file.storyboard; name = Base; path = Base.lproj/LaunchScreen.storyboard; sourceTree = "<group>"; };
		E99F642A26595CBE00FBF0D4 /* Info.plist */ = {isa = PBXFileReference; lastKnownFileType = text.plist.xml; path = Info.plist; sourceTree = "<group>"; };
/* End PBXFileReference section */

/* Begin PBXFrameworksBuildPhase section */
		E99F641626595CBE00FBF0D4 /* Frameworks */ = {
			isa = PBXFrameworksBuildPhase;
			buildActionMask = 2147483647;
			files = (
				35C794EDBB825FCA1129CEED /* Pods_BookDetection.framework in Frameworks */,
			);
			runOnlyForDeploymentPostprocessing = 0;
		};
/* End PBXFrameworksBuildPhase section */

/* Begin PBXGroup section */
		37E36BB5F58794F7295794AD /* Pods */ = {
			isa = PBXGroup;
			children = (
				E52C606B591A966E13FDFDDD /* Pods-BookDetection.debug.xcconfig */,
				8E06ED845154B49D37346990 /* Pods-BookDetection.release.xcconfig */,
			);
			path = Pods;
			sourceTree = "<group>";
		};
		8E75B817D853EA7AB88C97C8 /* Frameworks */ = {
			isa = PBXGroup;
			children = (
				E98ECBBA265E22EB00E10B11 /* Accelerate.framework */,
				B00DFBEB891C69340FC139FF /* Pods_BookDetection.framework */,
			);
			name = Frameworks;
			sourceTree = "<group>";
		};
		E99F641026595CBE00FBF0D4 = {
			isa = PBXGroup;
			children = (
				E99F641B26595CBE00FBF0D4 /* BookDetection */,
				E99F641A26595CBE00FBF0D4 /* Products */,
				37E36BB5F58794F7295794AD /* Pods */,
				8E75B817D853EA7AB88C97C8 /* Frameworks */,
			);
			sourceTree = "<group>";
		};
		E99F641A26595CBE00FBF0D4 /* Products */ = {
			isa = PBXGroup;
			children = (
				E99F641926595CBE00FBF0D4 /* BookDetection.app */,
			);
			name = Products;
			sourceTree = "<group>";
		};
		E99F641B26595CBE00FBF0D4 /* BookDetection */ = {
			isa = PBXGroup;
			children = (
				E99F641C26595CBE00FBF0D4 /* AppDelegate.swift */,
				E99F641E26595CBE00FBF0D4 /* SceneDelegate.swift */,
				E99F642026595CBE00FBF0D4 /* ARViewController.swift */,
				E99F642226595CBE00FBF0D4 /* Main.storyboard */,
				E99F642526595CBE00FBF0D4 /* Assets.xcassets */,
				E99F642726595CBE00FBF0D4 /* LaunchScreen.storyboard */,
				E99F642A26595CBE00FBF0D4 /* Info.plist */,
				E91E90C5267D65810066B639 /* GoogleService-Info.plist */,
			);
			path = BookDetection;
			sourceTree = "<group>";
		};
/* End PBXGroup section */

/* Begin PBXNativeTarget section */
		E99F641826595CBE00FBF0D4 /* BookDetection */ = {
			isa = PBXNativeTarget;
			buildConfigurationList = E99F642D26595CBE00FBF0D4 /* Build configuration list for PBXNativeTarget "BookDetection" */;
			buildPhases = (
				C6FD679D9F1804277A010790 /* [CP] Check Pods Manifest.lock */,
				E99F641526595CBE00FBF0D4 /* Sources */,
				E99F641626595CBE00FBF0D4 /* Frameworks */,
				E99F641726595CBE00FBF0D4 /* Resources */,
				E161B8B11FBB7DB169F43C59 /* [CP] Embed Pods Frameworks */,
				95F2356BD9C1AC6585CF7B17 /* [CP] Copy Pods Resources */,
			);
			buildRules = (
			);
			dependencies = (
			);
			name = BookDetection;
			productName = BookDetection;
			productReference = E99F641926595CBE00FBF0D4 /* BookDetection.app */;
			productType = "com.apple.product-type.application";
		};
/* End PBXNativeTarget section */

/* Begin PBXProject section */
		E99F641126595CBE00FBF0D4 /* Project object */ = {
			isa = PBXProject;
			attributes = {
				LastSwiftUpdateCheck = 1250;
				LastUpgradeCheck = 1250;
				TargetAttributes = {
					E99F641826595CBE00FBF0D4 = {
						CreatedOnToolsVersion = 12.5;
					};
				};
			};
			buildConfigurationList = E99F641426595CBE00FBF0D4 /* Build configuration list for PBXProject "BookDetection" */;
			compatibilityVersion = "Xcode 9.3";
			developmentRegion = en;
			hasScannedForEncodings = 0;
			knownRegions = (
				en,
				Base,
			);
			mainGroup = E99F641026595CBE00FBF0D4;
			productRefGroup = E99F641A26595CBE00FBF0D4 /* Products */;
			projectDirPath = "";
			projectRoot = "";
			targets = (
				E99F641826595CBE00FBF0D4 /* BookDetection */,
			);
		};
/* End PBXProject section */

/* Begin PBXResourcesBuildPhase section */
		E99F641726595CBE00FBF0D4 /* Resources */ = {
			isa = PBXResourcesBuildPhase;
			buildActionMask = 2147483647;
			files = (
				E99F642926595CBE00FBF0D4 /* LaunchScreen.storyboard in Resources */,
				E91E90C6267D65810066B639 /* GoogleService-Info.plist in Resources */,
				E99F642626595CBE00FBF0D4 /* Assets.xcassets in Resources */,
				E99F642426595CBE00FBF0D4 /* Main.storyboard in Resources */,
			);
			runOnlyForDeploymentPostprocessing = 0;
		};
/* End PBXResourcesBuildPhase section */

/* Begin PBXShellScriptBuildPhase section */
		95F2356BD9C1AC6585CF7B17 /* [CP] Copy Pods Resources */ = {
			isa = PBXShellScriptBuildPhase;
			buildActionMask = 2147483647;
			files = (
			);
			inputFileListPaths = (
				"${PODS_ROOT}/Target Support Files/Pods-BookDetection/Pods-BookDetection-resources-${CONFIGURATION}-input-files.xcfilelist",
			);
			name = "[CP] Copy Pods Resources";
			outputFileListPaths = (
				"${PODS_ROOT}/Target Support Files/Pods-BookDetection/Pods-BookDetection-resources-${CONFIGURATION}-output-files.xcfilelist",
			);
			runOnlyForDeploymentPostprocessing = 0;
			shellPath = /bin/sh;
			shellScript = "\"${PODS_ROOT}/Target Support Files/Pods-BookDetection/Pods-BookDetection-resources.sh\"\n";
			showEnvVarsInLog = 0;
		};
		C6FD679D9F1804277A010790 /* [CP] Check Pods Manifest.lock */ = {
			isa = PBXShellScriptBuildPhase;
			buildActionMask = 2147483647;
			files = (
			);
			inputFileListPaths = (
			);
			inputPaths = (
				"${PODS_PODFILE_DIR_PATH}/Podfile.lock",
				"${PODS_ROOT}/Manifest.lock",
			);
			name = "[CP] Check Pods Manifest.lock";
			outputFileListPaths = (
			);
			outputPaths = (
				"$(DERIVED_FILE_DIR)/Pods-BookDetection-checkManifestLockResult.txt",
			);
			runOnlyForDeploymentPostprocessing = 0;
			shellPath = /bin/sh;
			shellScript = "diff \"${PODS_PODFILE_DIR_PATH}/Podfile.lock\" \"${PODS_ROOT}/Manifest.lock\" > /dev/null\nif [ $? != 0 ] ; then\n    # print error to STDERR\n    echo \"error: The sandbox is not in sync with the Podfile.lock. Run 'pod install' or update your CocoaPods installation.\" >&2\n    exit 1\nfi\n# This output is used by Xcode 'outputs' to avoid re-running this script phase.\necho \"SUCCESS\" > \"${SCRIPT_OUTPUT_FILE_0}\"\n";
			showEnvVarsInLog = 0;
		};
		E161B8B11FBB7DB169F43C59 /* [CP] Embed Pods Frameworks */ = {
			isa = PBXShellScriptBuildPhase;
			buildActionMask = 2147483647;
			files = (
			);
			inputFileListPaths = (
				"${PODS_ROOT}/Target Support Files/Pods-BookDetection/Pods-BookDetection-frameworks-${CONFIGURATION}-input-files.xcfilelist",
			);
			name = "[CP] Embed Pods Frameworks";
			outputFileListPaths = (
				"${PODS_ROOT}/Target Support Files/Pods-BookDetection/Pods-BookDetection-frameworks-${CONFIGURATION}-output-files.xcfilelist",
			);
			runOnlyForDeploymentPostprocessing = 0;
			shellPath = /bin/sh;
			shellScript = "\"${PODS_ROOT}/Target Support Files/Pods-BookDetection/Pods-BookDetection-frameworks.sh\"\n";
			showEnvVarsInLog = 0;
		};
/* End PBXShellScriptBuildPhase section */

/* Begin PBXSourcesBuildPhase section */
		E99F641526595CBE00FBF0D4 /* Sources */ = {
			isa = PBXSourcesBuildPhase;
			buildActionMask = 2147483647;
			files = (
				E99F642126595CBE00FBF0D4 /* ARViewController.swift in Sources */,
				E99F641D26595CBE00FBF0D4 /* AppDelegate.swift in Sources */,
				E99F641F26595CBE00FBF0D4 /* SceneDelegate.swift in Sources */,
			);
			runOnlyForDeploymentPostprocessing = 0;
		};
/* End PBXSourcesBuildPhase section */

/* Begin PBXVariantGroup section */
		E99F642226595CBE00FBF0D4 /* Main.storyboard */ = {
			isa = PBXVariantGroup;
			children = (
				E99F642326595CBE00FBF0D4 /* Base */,
			);
			name = Main.storyboard;
			sourceTree = "<group>";
		};
		E99F642726595CBE00FBF0D4 /* LaunchScreen.storyboard */ = {
			isa = PBXVariantGroup;
			children = (
				E99F642826595CBE00FBF0D4 /* Base */,
			);
			name = LaunchScreen.storyboard;
			sourceTree = "<group>";
		};
/* End PBXVariantGroup section */

/* Begin XCBuildConfiguration section */
		E99F642B26595CBE00FBF0D4 /* Debug */ = {
			isa = XCBuildConfiguration;
			buildSettings = {
				ALWAYS_SEARCH_USER_PATHS = NO;
				CLANG_ANALYZER_NONNULL = YES;
				CLANG_ANALYZER_NUMBER_OBJECT_CONVERSION = YES_AGGRESSIVE;
				CLANG_CXX_LANGUAGE_STANDARD = "gnu++14";
				CLANG_CXX_LIBRARY = "libc++";
				CLANG_ENABLE_MODULES = YES;
				CLANG_ENABLE_OBJC_ARC = YES;
				CLANG_ENABLE_OBJC_WEAK = YES;
				CLANG_WARN_BLOCK_CAPTURE_AUTORELEASING = YES;
				CLANG_WARN_BOOL_CONVERSION = YES;
				CLANG_WARN_COMMA = YES;
				CLANG_WARN_CONSTANT_CONVERSION = YES;
				CLANG_WARN_DEPRECATED_OBJC_IMPLEMENTATIONS = YES;
				CLANG_WARN_DIRECT_OBJC_ISA_USAGE = YES_ERROR;
				CLANG_WARN_DOCUMENTATION_COMMENTS = YES;
				CLANG_WARN_EMPTY_BODY = YES;
				CLANG_WARN_ENUM_CONVERSION = YES;
				CLANG_WARN_INFINITE_RECURSION = YES;
				CLANG_WARN_INT_CONVERSION = YES;
				CLANG_WARN_NON_LITERAL_NULL_CONVERSION = YES;
				CLANG_WARN_OBJC_IMPLICIT_RETAIN_SELF = YES;
				CLANG_WARN_OBJC_LITERAL_CONVERSION = YES;
				CLANG_WARN_OBJC_ROOT_CLASS = YES_ERROR;
				CLANG_WARN_QUOTED_INCLUDE_IN_FRAMEWORK_HEADER = YES;
				CLANG_WARN_RANGE_LOOP_ANALYSIS = YES;
				CLANG_WARN_STRICT_PROTOTYPES = YES;
				CLANG_WARN_SUSPICIOUS_MOVE = YES;
				CLANG_WARN_UNGUARDED_AVAILABILITY = YES_AGGRESSIVE;
				CLANG_WARN_UNREACHABLE_CODE = YES;
				CLANG_WARN__DUPLICATE_METHOD_MATCH = YES;
				COPY_PHASE_STRIP = NO;
				DEBUG_INFORMATION_FORMAT = dwarf;
				ENABLE_STRICT_OBJC_MSGSEND = YES;
				ENABLE_TESTABILITY = YES;
				GCC_C_LANGUAGE_STANDARD = gnu11;
				GCC_DYNAMIC_NO_PIC = NO;
				GCC_NO_COMMON_BLOCKS = YES;
				GCC_OPTIMIZATION_LEVEL = 0;
				GCC_PREPROCESSOR_DEFINITIONS = (
					"DEBUG=1",
					"$(inherited)",
				);
				GCC_WARN_64_TO_32_BIT_CONVERSION = YES;
				GCC_WARN_ABOUT_RETURN_TYPE = YES_ERROR;
				GCC_WARN_UNDECLARED_SELECTOR = YES;
				GCC_WARN_UNINITIALIZED_AUTOS = YES_AGGRESSIVE;
				GCC_WARN_UNUSED_FUNCTION = YES;
				GCC_WARN_UNUSED_VARIABLE = YES;
				IPHONEOS_DEPLOYMENT_TARGET = 14.5;
				MTL_ENABLE_DEBUG_INFO = INCLUDE_SOURCE;
				MTL_FAST_MATH = YES;
				ONLY_ACTIVE_ARCH = YES;
				SDKROOT = iphoneos;
				SWIFT_ACTIVE_COMPILATION_CONDITIONS = DEBUG;
				SWIFT_OPTIMIZATION_LEVEL = "-Onone";
			};
			name = Debug;
		};
		E99F642C26595CBE00FBF0D4 /* Release */ = {
			isa = XCBuildConfiguration;
			buildSettings = {
				ALWAYS_SEARCH_USER_PATHS = NO;
				CLANG_ANALYZER_NONNULL = YES;
				CLANG_ANALYZER_NUMBER_OBJECT_CONVERSION = YES_AGGRESSIVE;
				CLANG_CXX_LANGUAGE_STANDARD = "gnu++14";
				CLANG_CXX_LIBRARY = "libc++";
				CLANG_ENABLE_MODULES = YES;
				CLANG_ENABLE_OBJC_ARC = YES;
				CLANG_ENABLE_OBJC_WEAK = YES;
				CLANG_WARN_BLOCK_CAPTURE_AUTORELEASING = YES;
				CLANG_WARN_BOOL_CONVERSION = YES;
				CLANG_WARN_COMMA = YES;
				CLANG_WARN_CONSTANT_CONVERSION = YES;
				CLANG_WARN_DEPRECATED_OBJC_IMPLEMENTATIONS = YES;
				CLANG_WARN_DIRECT_OBJC_ISA_USAGE = YES_ERROR;
				CLANG_WARN_DOCUMENTATION_COMMENTS = YES;
				CLANG_WARN_EMPTY_BODY = YES;
				CLANG_WARN_ENUM_CONVERSION = YES;
				CLANG_WARN_INFINITE_RECURSION = YES;
				CLANG_WARN_INT_CONVERSION = YES;
				CLANG_WARN_NON_LITERAL_NULL_CONVERSION = YES;
				CLANG_WARN_OBJC_IMPLICIT_RETAIN_SELF = YES;
				CLANG_WARN_OBJC_LITERAL_CONVERSION = YES;
				CLANG_WARN_OBJC_ROOT_CLASS = YES_ERROR;
				CLANG_WARN_QUOTED_INCLUDE_IN_FRAMEWORK_HEADER = YES;
				CLANG_WARN_RANGE_LOOP_ANALYSIS = YES;
				CLANG_WARN_STRICT_PROTOTYPES = YES;
				CLANG_WARN_SUSPICIOUS_MOVE = YES;
				CLANG_WARN_UNGUARDED_AVAILABILITY = YES_AGGRESSIVE;
				CLANG_WARN_UNREACHABLE_CODE = YES;
				CLANG_WARN__DUPLICATE_METHOD_MATCH = YES;
				COPY_PHASE_STRIP = NO;
				DEBUG_INFORMATION_FORMAT = "dwarf-with-dsym";
				ENABLE_NS_ASSERTIONS = NO;
				ENABLE_STRICT_OBJC_MSGSEND = YES;
				GCC_C_LANGUAGE_STANDARD = gnu11;
				GCC_NO_COMMON_BLOCKS = YES;
				GCC_WARN_64_TO_32_BIT_CONVERSION = YES;
				GCC_WARN_ABOUT_RETURN_TYPE = YES_ERROR;
				GCC_WARN_UNDECLARED_SELECTOR = YES;
				GCC_WARN_UNINITIALIZED_AUTOS = YES_AGGRESSIVE;
				GCC_WARN_UNUSED_FUNCTION = YES;
				GCC_WARN_UNUSED_VARIABLE = YES;
				IPHONEOS_DEPLOYMENT_TARGET = 14.5;
				MTL_ENABLE_DEBUG_INFO = NO;
				MTL_FAST_MATH = YES;
				SDKROOT = iphoneos;
				SWIFT_COMPILATION_MODE = wholemodule;
				SWIFT_OPTIMIZATION_LEVEL = "-O";
				VALIDATE_PRODUCT = YES;
			};
			name = Release;
		};
		E99F642E26595CBE00FBF0D4 /* Debug */ = {
			isa = XCBuildConfiguration;
			baseConfigurationReference = E52C606B591A966E13FDFDDD /* Pods-BookDetection.debug.xcconfig */;
			buildSettings = {
				ASSETCATALOG_COMPILER_APPICON_NAME = AppIcon;
				ASSETCATALOG_COMPILER_GLOBAL_ACCENT_COLOR_NAME = AccentColor;
				CODE_SIGN_STYLE = Automatic;
				DEVELOPMENT_TEAM = 5R49KQXW55;
				INFOPLIST_FILE = BookDetection/Info.plist;
				IPHONEOS_DEPLOYMENT_TARGET = 14.1;
				LD_RUNPATH_SEARCH_PATHS = (
					"$(inherited)",
					"@executable_path/Frameworks",
				);
				PRODUCT_BUNDLE_IDENTIFIER = kr.ac.sogang.cscp2.20151541.BookDetection;
				PRODUCT_NAME = "$(TARGET_NAME)";
				SWIFT_VERSION = 5.0;
				TARGETED_DEVICE_FAMILY = "1,2";
			};
			name = Debug;
		};
		E99F642F26595CBE00FBF0D4 /* Release */ = {
			isa = XCBuildConfiguration;
			baseConfigurationReference = 8E06ED845154B49D37346990 /* Pods-BookDetection.release.xcconfig */;
			buildSettings = {
				ASSETCATALOG_COMPILER_APPICON_NAME = AppIcon;
				ASSETCATALOG_COMPILER_GLOBAL_ACCENT_COLOR_NAME = AccentColor;
				CODE_SIGN_STYLE = Automatic;
				DEVELOPMENT_TEAM = 5R49KQXW55;
				INFOPLIST_FILE = BookDetection/Info.plist;
				IPHONEOS_DEPLOYMENT_TARGET = 14.1;
				LD_RUNPATH_SEARCH_PATHS = (
					"$(inherited)",
					"@executable_path/Frameworks",
				);
				PRODUCT_BUNDLE_IDENTIFIER = kr.ac.sogang.cscp2.20151541.BookDetection;
				PRODUCT_NAME = "$(TARGET_NAME)";
				SWIFT_VERSION = 5.0;
				TARGETED_DEVICE_FAMILY = "1,2";
			};
			name = Release;
		};
/* End XCBuildConfiguration section */

/* Begin XCConfigurationList section */
		E99F641426595CBE00FBF0D4 /* Build configuration list for PBXProject "BookDetection" */ = {
			isa = XCConfigurationList;
			buildConfigurations = (
				E99F642B26595CBE00FBF0D4 /* Debug */,
				E99F642C26595CBE00FBF0D4 /* Release */,
			);
			defaultConfigurationIsVisible = 0;
			defaultConfigurationName = Release;
		};
		E99F642D26595CBE00FBF0D4 /* Build configuration list for PBXNativeTarget "BookDetection" */ = {
			isa = XCConfigurationList;
			buildConfigurations = (
				E99F642E26595CBE00FBF0D4 /* Debug */,
				E99F642F26595CBE00FBF0D4 /* Release */,
			);
			defaultConfigurationIsVisible = 0;
			defaultConfigurationName = Release;
		};
/* End XCConfigurationList section */
	};
	rootObject = E99F641126595CBE00FBF0D4 /* Project object */;
}
